// !$*UTF8*$!
{
	archiveVersion = 1;
	classes = {
	};
	objectVersion = 46;
	objects = {

/* Begin PBXBuildFile section */
		99698EC519EACA8B00D8706D /* main.m in Sources */ = {isa = PBXBuildFile; fileRef = 99698EC419EACA8B00D8706D /* main.m */; };
		99698EC819EACA8B00D8706D /* AppDelegate.m in Sources */ = {isa = PBXBuildFile; fileRef = 99698EC719EACA8B00D8706D /* AppDelegate.m */; };
		99698ECB19EACA8B00D8706D /* ViewController.m in Sources */ = {isa = PBXBuildFile; fileRef = 99698ECA19EACA8B00D8706D /* ViewController.m */; };
		99698ECE19EACA8B00D8706D /* Main.storyboard in Resources */ = {isa = PBXBuildFile; fileRef = 99698ECC19EACA8B00D8706D /* Main.storyboard */; };
		99698ED019EACA8B00D8706D /* Images.xcassets in Resources */ = {isa = PBXBuildFile; fileRef = 99698ECF19EACA8B00D8706D /* Images.xcassets */; };
		99698ED319EACA8B00D8706D /* LaunchScreen.xib in Resources */ = {isa = PBXBuildFile; fileRef = 99698ED119EACA8B00D8706D /* LaunchScreen.xib */; };
		99698EDF19EACA8B00D8706D /* Passing_Data_Challenge_SolutionTests.m in Sources */ = {isa = PBXBuildFile; fileRef = 99698EDE19EACA8B00D8706D /* Passing_Data_Challenge_SolutionTests.m */; };
/* End PBXBuildFile section */

/* Begin PBXContainerItemProxy section */
		99698ED919EACA8B00D8706D /* PBXContainerItemProxy */ = {
			isa = PBXContainerItemProxy;
			containerPortal = 99698EB719EACA8B00D8706D /* Project object */;
			proxyType = 1;
			remoteGlobalIDString = 99698EBE19EACA8B00D8706D;
			remoteInfo = "Passing Data Challenge Solution";
		};
/* End PBXContainerItemProxy section */

/* Begin PBXFileReference section */
		99698EBF19EACA8B00D8706D /* Passing Data Challenge Solution.app */ = {isa = PBXFileReference; explicitFileType = wrapper.application; includeInIndex = 0; path = "Passing Data Challenge Solution.app"; sourceTree = BUILT_PRODUCTS_DIR; };
		99698EC319EACA8B00D8706D /* Info.plist */ = {isa = PBXFileReference; lastKnownFileType = text.plist.xml; path = Info.plist; sourceTree = "<group>"; };
		99698EC419EACA8B00D8706D /* main.m */ = {isa = PBXFileReference; lastKnownFileType = sourcecode.c.objc; path = main.m; sourceTree = "<group>"; };
		99698EC619EACA8B00D8706D /* AppDelegate.h */ = {isa = PBXFileReference; lastKnownFileType = sourcecode.c.h; path = AppDelegate.h; sourceTree = "<group>"; };
		99698EC719EACA8B00D8706D /* AppDelegate.m */ = {isa = PBXFileReference; lastKnownFileType = sourcecode.c.objc; path = AppDelegate.m; sourceTree = "<group>"; };
		99698EC919EACA8B00D8706D /* ViewController.h */ = {isa = PBXFileReference; lastKnownFileType = sourcecode.c.h; path = ViewController.h; sourceTree = "<group>"; };
		99698ECA19EACA8B00D8706D /* ViewController.m */ = {isa = PBXFileReference; lastKnownFileType = sourcecode.c.objc; path = ViewController.m; sourceTree = "<group>"; };
		99698ECD19EACA8B00D8706D /* Base */ = {isa = PBXFileReference; lastKnownFileType = file.storyboard; name = Base; path = Base.lproj/Main.storyboard; sourceTree = "<group>"; };
		99698ECF19EACA8B00D8706D /* Images.xcassets */ = {isa = PBXFileReference; lastKnownFileType = folder.assetcatalog; path = Images.xcassets; sourceTree = "<group>"; };
		99698ED219EACA8B00D8706D /* Base */ = {isa = PBXFileReference; lastKnownFileType = file.xib; name = Base; path = Base.lproj/LaunchScreen.xib; sourceTree = "<group>"; };
		99698ED819EACA8B00D8706D /* Passing Data Challenge SolutionTests.xctest */ = {isa = PBXFileReference; explicitFileType = wrapper.cfbundle; includeInIndex = 0; path = "Passing Data Challenge SolutionTests.xctest"; sourceTree = BUILT_PRODUCTS_DIR; };
		99698EDD19EACA8B00D8706D /* Info.plist */ = {isa = PBXFileReference; lastKnownFileType = text.plist.xml; path = Info.plist; sourceTree = "<group>"; };
		99698EDE19EACA8B00D8706D /* Passing_Data_Challenge_SolutionTests.m */ = {isa = PBXFileReference; lastKnownFileType = sourcecode.c.objc; path = Passing_Data_Challenge_SolutionTests.m; sourceTree = "<group>"; };
/* End PBXFileReference section */

/* Begin PBXFrameworksBuildPhase section */
		99698EBC19EACA8B00D8706D /* Frameworks */ = {
			isa = PBXFrameworksBuildPhase;
			buildActionMask = 2147483647;
			files = (
			);
			runOnlyForDeploymentPostprocessing = 0;
		};
		99698ED519EACA8B00D8706D /* Frameworks */ = {
			isa = PBXFrameworksBuildPhase;
			buildActionMask = 2147483647;
			files = (
			);
			runOnlyForDeploymentPostprocessing = 0;
		};
/* End PBXFrameworksBuildPhase section */

/* Begin PBXGroup section */
		99698EB619EACA8B00D8706D = {
			isa = PBXGroup;
			children = (
				99698EC119EACA8B00D8706D /* Passing Data Challenge Solution */,
				99698EDB19EACA8B00D8706D /* Passing Data Challenge SolutionTests */,
				99698EC019EACA8B00D8706D /* Products */,
			);
			sourceTree = "<group>";
		};
		99698EC019EACA8B00D8706D /* Products */ = {
			isa = PBXGroup;
			children = (
				99698EBF19EACA8B00D8706D /* Passing Data Challenge Solution.app */,
				99698ED819EACA8B00D8706D /* Passing Data Challenge SolutionTests.xctest */,
			);
			name = Products;
			sourceTree = "<group>";
		};
		99698EC119EACA8B00D8706D /* Passing Data Challenge Solution */ = {
			isa = PBXGroup;
			children = (
				99698EC619EACA8B00D8706D /* AppDelegate.h */,
				99698EC719EACA8B00D8706D /* AppDelegate.m */,
				99698EC919EACA8B00D8706D /* ViewController.h */,
				99698ECA19EACA8B00D8706D /* ViewController.m */,
				99698ECC19EACA8B00D8706D /* Main.storyboard */,
				99698ECF19EACA8B00D8706D /* Images.xcassets */,
				99698ED119EACA8B00D8706D /* LaunchScreen.xib */,
				99698EC219EACA8B00D8706D /* Supporting Files */,
			);
			path = "Passing Data Challenge Solution";
			sourceTree = "<group>";
		};
		99698EC219EACA8B00D8706D /* Supporting Files */ = {
			isa = PBXGroup;
			children = (
				99698EC319EACA8B00D8706D /* Info.plist */,
				99698EC419EACA8B00D8706D /* main.m */,
			);
			name = "Supporting Files";
			sourceTree = "<group>";
		};
		99698EDB19EACA8B00D8706D /* Passing Data Challenge SolutionTests */ = {
			isa = PBXGroup;
			children = (
				99698EDE19EACA8B00D8706D /* Passing_Data_Challenge_SolutionTests.m */,
				99698EDC19EACA8B00D8706D /* Supporting Files */,
			);
			path = "Passing Data Challenge SolutionTests";
			sourceTree = "<group>";
		};
		99698EDC19EACA8B00D8706D /* Supporting Files */ = {
			isa = PBXGroup;
			children = (
				99698EDD19EACA8B00D8706D /* Info.plist */,
			);
			name = "Supporting Files";
			sourceTree = "<group>";
		};
/* End PBXGroup section */

/* Begin PBXNativeTarget section */
		99698EBE19EACA8B00D8706D /* Passing Data Challenge Solution */ = {
			isa = PBXNativeTarget;
			buildConfigurationList = 99698EE219EACA8B00D8706D /* Build configuration list for PBXNativeTarget "Passing Data Challenge Solution" */;
			buildPhases = (
				99698EBB19EACA8B00D8706D /* Sources */,
				99698EBC19EACA8B00D8706D /* Frameworks */,
				99698EBD19EACA8B00D8706D /* Resources */,
			);
			buildRules = (
			);
			dependencies = (
			);
			name = "Passing Data Challenge Solution";
			productName = "Passing Data Challenge Solution";
			productReference = 99698EBF19EACA8B00D8706D /* Passing Data Challenge Solution.app */;
			productType = "com.apple.product-type.application";
		};
		99698ED719EACA8B00D8706D /* Passing Data Challenge SolutionTests */ = {
			isa = PBXNativeTarget;
			buildConfigurationList = 99698EE519EACA8B00D8706D /* Build configuration list for PBXNativeTarget "Passing Data Challenge SolutionTests" */;
			buildPhases = (
				99698ED419EACA8B00D8706D /* Sources */,
				99698ED519EACA8B00D8706D /* Frameworks */,
				99698ED619EACA8B00D8706D /* Resources */,
			);
			buildRules = (
			);
			dependencies = (
				99698EDA19EACA8B00D8706D /* PBXTargetDependency */,
			);
			name = "Passing Data Challenge SolutionTests";
			productName = "Passing Data Challenge SolutionTests";
			productReference = 99698ED819EACA8B00D8706D /* Passing Data Challenge SolutionTests.xctest */;
			productType = "com.apple.product-type.bundle.unit-test";
		};
/* End PBXNativeTarget section */

/* Begin PBXProject section */
		99698EB719EACA8B00D8706D /* Project object */ = {
			isa = PBXProject;
			attributes = {
				LastUpgradeCheck = 0600;
				ORGANIZATIONNAME = "Matthew Linaberry";
				TargetAttributes = {
					99698EBE19EACA8B00D8706D = {
						CreatedOnToolsVersion = 6.0.1;
					};
					99698ED719EACA8B00D8706D = {
						CreatedOnToolsVersion = 6.0.1;
						TestTargetID = 99698EBE19EACA8B00D8706D;
					};
				};
			};
			buildConfigurationList = 99698EBA19EACA8B00D8706D /* Build configuration list for PBXProject "Passing Data Challenge Solution" */;
			compatibilityVersion = "Xcode 3.2";
			developmentRegion = English;
			hasScannedForEncodings = 0;
			knownRegions = (
				en,
				Base,
			);
			mainGroup = 99698EB619EACA8B00D8706D;
			productRefGroup = 99698EC019EACA8B00D8706D /* Products */;
			projectDirPath = "";
			projectRoot = "";
			targets = (
				99698EBE19EACA8B00D8706D /* Passing Data Challenge Solution */,
				99698ED719EACA8B00D8706D /* Passing Data Challenge SolutionTests */,
			);
		};
/* End PBXProject section */

/* Begin PBXResourcesBuildPhase section */
		99698EBD19EACA8B00D8706D /* Resources */ = {
			isa = PBXResourcesBuildPhase;
			buildActionMask = 2147483647;
			files = (
				99698ECE19EACA8B00D8706D /* Main.storyboard in Resources */,
				99698ED319EACA8B00D8706D /* LaunchScreen.xib in Resources */,
				99698ED019EACA8B00D8706D /* Images.xcassets in Resources */,
			);
			runOnlyForDeploymentPostprocessing = 0;
		};
		99698ED619EACA8B00D8706D /* Resources */ = {
			isa = PBXResourcesBuildPhase;
			buildActionMask = 2147483647;
			files = (
			);
			runOnlyForDeploymentPostprocessing = 0;
		};
/* End PBXResourcesBuildPhase section */

/* Begin PBXSourcesBuildPhase section */
		99698EBB19EACA8B00D8706D /* Sources */ = {
			isa = PBXSourcesBuildPhase;
			buildActionMask = 2147483647;
			files = (
				99698ECB19EACA8B00D8706D /* ViewController.m in Sources */,
				99698EC819EACA8B00D8706D /* AppDelegate.m in Sources */,
				99698EC519EACA8B00D8706D /* main.m in Sources */,
			);
			runOnlyForDeploymentPostprocessing = 0;
		};
		99698ED419EACA8B00D8706D /* Sources */ = {
			isa = PBXSourcesBuildPhase;
			buildActionMask = 2147483647;
			files = (
				99698EDF19EACA8B00D8706D /* Passing_Data_Challenge_SolutionTests.m in Sources */,
			);
			runOnlyForDeploymentPostprocessing = 0;
		};
/* End PBXSourcesBuildPhase section */

/* Begin PBXTargetDependency section */
		99698EDA19EACA8B00D8706D /* PBXTargetDependency */ = {
			isa = PBXTargetDependency;
			target = 99698EBE19EACA8B00D8706D /* Passing Data Challenge Solution */;
			targetProxy = 99698ED919EACA8B00D8706D /* PBXContainerItemProxy */;
		};
/* End PBXTargetDependency section */

/* Begin PBXVariantGroup section */
		99698ECC19EACA8B00D8706D /* Main.storyboard */ = {
			isa = PBXVariantGroup;
			children = (
				99698ECD19EACA8B00D8706D /* Base */,
			);
			name = Main.storyboard;
			sourceTree = "<group>";
		};
		99698ED119EACA8B00D8706D /* LaunchScreen.xib */ = {
			isa = PBXVariantGroup;
			children = (
				99698ED219EACA8B00D8706D /* Base */,
			);
			name = LaunchScreen.xib;
			sourceTree = "<group>";
		};
/* End PBXVariantGroup section */

/* Begin XCBuildConfiguration section */
		99698EE019EACA8B00D8706D /* Debug */ = {
			isa = XCBuildConfiguration;
			buildSettings = {
				ALWAYS_SEARCH_USER_PATHS = NO;
				CLANG_CXX_LANGUAGE_STANDARD = "gnu++0x";
				CLANG_CXX_LIBRARY = "libc++";
				CLANG_ENABLE_MODULES = YES;
				CLANG_ENABLE_OBJC_ARC = YES;
				CLANG_WARN_BOOL_CONVERSION = YES;
				CLANG_WARN_CONSTANT_CONVERSION = YES;
				CLANG_WARN_DIRECT_OBJC_ISA_USAGE = YES_ERROR;
				CLANG_WARN_EMPTY_BODY = YES;
				CLANG_WARN_ENUM_CONVERSION = YES;
				CLANG_WARN_INT_CONVERSION = YES;
				CLANG_WARN_OBJC_ROOT_CLASS = YES_ERROR;
				CLANG_WARN_UNREACHABLE_CODE = YES;
				CLANG_WARN__DUPLICATE_METHOD_MATCH = YES;
				"CODE_SIGN_IDENTITY[sdk=iphoneos*]" = "iPhone Developer";
				COPY_PHASE_STRIP = NO;
				ENABLE_STRICT_OBJC_MSGSEND = YES;
				GCC_C_LANGUAGE_STANDARD = gnu99;
				GCC_DYNAMIC_NO_PIC = NO;
				GCC_OPTIMIZATION_LEVEL = 0;
				GCC_PREPROCESSOR_DEFINITIONS = (
					"DEBUG=1",
					"$(inherited)",
				);
				GCC_SYMBOLS_PRIVATE_EXTERN = NO;
				GCC_WARN_64_TO_32_BIT_CONVERSION = YES;
				GCC_WARN_ABOUT_RETURN_TYPE = YES_ERROR;
				GCC_WARN_UNDECLARED_SELECTOR = YES;
				GCC_WARN_UNINITIALIZED_AUTOS = YES_AGGRESSIVE;
				GCC_WARN_UNUSED_FUNCTION = YES;
				GCC_WARN_UNUSED_VARIABLE = YES;
				IPHONEOS_DEPLOYMENT_TARGET = 8.0;
				MTL_ENABLE_DEBUG_INFO = YES;
				ONLY_ACTIVE_ARCH = YES;
				SDKROOT = iphoneos;
			};
			name = Debug;
		};
		99698EE119EACA8B00D8706D /* Release */ = {
			isa = XCBuildConfiguration;
			buildSettings = {
				ALWAYS_SEARCH_USER_PATHS = NO;
				CLANG_CXX_LANGUAGE_STANDARD = "gnu++0x";
				CLANG_CXX_LIBRARY = "libc++";
				CLANG_ENABLE_MODULES = YES;
				CLANG_ENABLE_OBJC_ARC = YES;
				CLANG_WARN_BOOL_CONVERSION = YES;
				CLANG_WARN_CONSTANT_CONVERSION = YES;
				CLANG_WARN_DIRECT_OBJC_ISA_USAGE = YES_ERROR;
				CLANG_WARN_EMPTY_BODY = YES;
				CLANG_WARN_ENUM_CONVERSION = YES;
				CLANG_WARN_INT_CONVERSION = YES;
				CLANG_WARN_OBJC_ROOT_CLASS = YES_ERROR;
				CLANG_WARN_UNREACHABLE_CODE = YES;
				CLANG_WARN__DUPLICATE_METHOD_MATCH = YES;
				"CODE_SIGN_IDENTITY[sdk=iphoneos*]" = "iPhone Developer";
				COPY_PHASE_STRIP = YES;
				ENABLE_NS_ASSERTIONS = NO;
				ENABLE_STRICT_OBJC_MSGSEND = YES;
				GCC_C_LANGUAGE_STANDARD = gnu99;
				GCC_WARN_64_TO_32_BIT_CONVERSION = YES;
				GCC_WARN_ABOUT_RETURN_TYPE = YES_ERROR;
				GCC_WARN_UNDECLARED_SELECTOR = YES;
				GCC_WARN_UNINITIALIZED_AUTOS = YES_AGGRESSIVE;
				GCC_WARN_UNUSED_FUNCTION = YES;
				GCC_WARN_UNUSED_VARIABLE = YES;
				IPHONEOS_DEPLOYMENT_TARGET = 8.0;
				MTL_ENABLE_DEBUG_INFO = NO;
				SDKROOT = iphoneos;
				VALIDATE_PRODUCT = YES;
			};
			name = Release;
		};
		99698EE319EACA8B00D8706D /* Debug */ = {
			isa = XCBuildConfiguration;
			buildSettings = {
				ASSETCATALOG_COMPILER_APPICON_NAME = AppIcon;
				INFOPLIST_FILE = "Passing Data Challenge Solution/Info.plist";
				LD_RUNPATH_SEARCH_PATHS = "$(inherited) @executable_path/Frameworks";
				PRODUCT_NAME = "$(TARGET_NAME)";
			};
			name = Debug;
		};
		99698EE419EACA8B00D8706D /* Release */ = {
			isa = XCBuildConfiguration;
			buildSettings = {
				ASSETCATALOG_COMPILER_APPICON_NAME = AppIcon;
				INFOPLIST_FILE = "Passing Data Challenge Solution/Info.plist";
				LD_RUNPATH_SEARCH_PATHS = "$(inherited) @executable_path/Frameworks";
				PRODUCT_NAME = "$(TARGET_NAME)";
			};
			name = Release;
		};
		99698EE619EACA8B00D8706D /* Debug */ = {
			isa = XCBuildConfiguration;
			buildSettings = {
				BUNDLE_LOADER = "$(TEST_HOST)";
				FRAMEWORK_SEARCH_PATHS = (
					"$(SDKROOT)/Developer/Library/Frameworks",
					"$(inherited)",
				);
				GCC_PREPROCESSOR_DEFINITIONS = (
					"DEBUG=1",
					"$(inherited)",
				);
				INFOPLIST_FILE = "Passing Data Challenge SolutionTests/Info.plist";
				LD_RUNPATH_SEARCH_PATHS = "$(inherited) @executable_path/Frameworks @loader_path/Frameworks";
				PRODUCT_NAME = "$(TARGET_NAME)";
				TEST_HOST = "$(BUILT_PRODUCTS_DIR)/Passing Data Challenge Solution.app/Passing Data Challenge Solution";
			};
			name = Debug;
		};
		99698EE719EACA8B00D8706D /* Release */ = {
			isa = XCBuildConfiguration;
			buildSettings = {
				BUNDLE_LOADER = "$(TEST_HOST)";
				FRAMEWORK_SEARCH_PATHS = (
					"$(SDKROOT)/Developer/Library/Frameworks",
					"$(inherited)",
				);
				INFOPLIST_FILE = "Passing Data Challenge SolutionTests/Info.plist";
				LD_RUNPATH_SEARCH_PATHS = "$(inherited) @executable_path/Frameworks @loader_path/Frameworks";
				PRODUCT_NAME = "$(TARGET_NAME)";
				TEST_HOST = "$(BUILT_PRODUCTS_DIR)/Passing Data Challenge Solution.app/Passing Data Challenge Solution";
			};
			name = Release;
		};
/* End XCBuildConfiguration section */

/* Begin XCConfigurationList section */
		99698EBA19EACA8B00D8706D /* Build configuration list for PBXProject "Passing Data Challenge Solution" */ = {
			isa = XCConfigurationList;
			buildConfigurations = (
				99698EE019EACA8B00D8706D /* Debug */,
				99698EE119EACA8B00D8706D /* Release */,
			);
			defaultConfigurationIsVisible = 0;
			defaultConfigurationName = Release;
		};
		99698EE219EACA8B00D8706D /* Build configuration list for PBXNativeTarget "Passing Data Challenge Solution" */ = {
			isa = XCConfigurationList;
			buildConfigurations = (
				99698EE319EACA8B00D8706D /* Debug */,
				99698EE419EACA8B00D8706D /* Release */,
			);
			defaultConfigurationIsVisible = 0;
		};
		99698EE519EACA8B00D8706D /* Build configuration list for PBXNativeTarget "Passing Data Challenge SolutionTests" */ = {
			isa = XCConfigurationList;
			buildConfigurations = (
				99698EE619EACA8B00D8706D /* Debug */,
				99698EE719EACA8B00D8706D /* Release */,
			);
			defaultConfigurationIsVisible = 0;
		};
/* End XCConfigurationList section */
	};
	rootObject = 99698EB719EACA8B00D8706D /* Project object */;
}
